
Microsoft Visual Studio Solution File, Format Version 12.00
# Visual Studio Version 16
VisualStudioVersion = 16.0.31702.278
MinimumVisualStudioVersion = 10.0.40219.1
Project("{FAE04EC0-301F-11D3-BF4B-00C04F79EFBC}") = "HelpdeskDAL", "HelpdeskDAL\HelpdeskDAL.csproj", "{E798CCBA-AEF7-4FA6-9264-93765252252F}"
EndProject
Project("{9A19103F-16F7-4668-BE54-9A1E7A4F7556}") = "HelpdeskViewModels", "HelpdeskViewModels\HelpdeskViewModels.csproj", "{1BEFAA3B-C963-4567-B371-D9ACF2604CB9}"
EndProject
Project("{9A19103F-16F7-4668-BE54-9A1E7A4F7556}") = "CaseStudyTests", "CaseStudyTests\CaseStudyTests.csproj", "{EDFD8794-6B17-496B-842E-2E4311466336}"
EndProject
Project("{9A19103F-16F7-4668-BE54-9A1E7A4F7556}") = "CasestudyWebsite", "CasestudyWebsite\CasestudyWebsite.csproj", "{52E42BEE-75B3-4CDC-9DAD-A030AA938AEB}"
EndProject
Global
	GlobalSection(SolutionConfigurationPlatforms) = preSolution
		Debug|Any CPU = Debug|Any CPU
		Release|Any CPU = Release|Any CPU
	EndGlobalSection
	GlobalSection(ProjectConfigurationPlatforms) = postSolution
		{E798CCBA-AEF7-4FA6-9264-93765252252F}.Debug|Any CPU.ActiveCfg = Debug|Any CPU
		{E798CCBA-AEF7-4FA6-9264-93765252252F}.Debug|Any CPU.Build.0 = Debug|Any CPU
		{E798CCBA-AEF7-4FA6-9264-93765252252F}.Release|Any CPU.ActiveCfg = Release|Any CPU
		{E798CCBA-AEF7-4FA6-9264-93765252252F}.Release|Any CPU.Build.0 = Release|Any CPU
		{1BEFAA3B-C963-4567-B371-D9ACF2604CB9}.Debug|Any CPU.ActiveCfg = Debug|Any CPU
		{1BEFAA3B-C963-4567-B371-D9ACF2604CB9}.Debug|Any CPU.Build.0 = Debug|Any CPU
		{1BEFAA3B-C963-4567-B371-D9ACF2604CB9}.Release|Any CPU.ActiveCfg = Release|Any CPU
		{1BEFAA3B-C963-4567-B371-D9ACF2604CB9}.Release|Any CPU.Build.0 = Release|Any CPU
		{EDFD8794-6B17-496B-842E-2E4311466336}.Debug|Any CPU.ActiveCfg = Debug|Any CPU
		{EDFD8794-6B17-496B-842E-2E4311466336}.Debug|Any CPU.Build.0 = Debug|Any CPU
		{EDFD8794-6B17-496B-842E-2E4311466336}.Release|Any CPU.ActiveCfg = Release|Any CPU
		{EDFD8794-6B17-496B-842E-2E4311466336}.Release|Any CPU.Build.0 = Release|Any CPU
		{52E42BEE-75B3-4CDC-9DAD-A030AA938AEB}.Debug|Any CPU.ActiveCfg = Debug|Any CPU
		{52E42BEE-75B3-4CDC-9DAD-A030AA938AEB}.Debug|Any CPU.Build.0 = Debug|Any CPU
		{52E42BEE-75B3-4CDC-9DAD-A030AA938AEB}.Release|Any CPU.ActiveCfg = Release|Any CPU
		{52E42BEE-75B3-4CDC-9DAD-A030AA938AEB}.Release|Any CPU.Build.0 = Release|Any CPU
	EndGlobalSection
	GlobalSection(SolutionProperties) = preSolution
		HideSolutionNode = FALSE
	EndGlobalSection
	GlobalSection(ExtensibilityGlobals) = postSolution
		SolutionGuid = {E4524980-F0A9-47B5-9D4B-460CD1702131}
	EndGlobalSection
EndGlobal
