
Microsoft Visual Studio Solution File, Format Version 12.00
# Visual Studio Version 16
VisualStudioVersion = 16.0.31702.278
MinimumVisualStudioVersion = 10.0.40219.1
Project("{FAE04EC0-301F-11D3-BF4B-00C04F79EFBC}") = "ExercisesDAL", "ExercisesDAL\ExercisesDAL.csproj", "{E5140754-036A-4868-B4D8-F97C9E1815B5}"
EndProject
Project("{9A19103F-16F7-4668-BE54-9A1E7A4F7556}") = "ExercisesViewModels", "ExercisesViewModels\ExercisesViewModels.csproj", "{06EF6A11-B1E8-4E49-A627-7D69DC500D53}"
EndProject
Project("{9A19103F-16F7-4668-BE54-9A1E7A4F7556}") = "ExerciseTests", "ExerciseTests\ExerciseTests.csproj", "{3F54D44E-DD53-45A2-AAF6-C8CABFEC07D2}"
EndProject
Project("{9A19103F-16F7-4668-BE54-9A1E7A4F7556}") = "ExercisesWebsite", "ExercisesWebsite\ExercisesWebsite.csproj", "{DB0248B0-81BD-4357-B2D0-874B13119920}"
EndProject
Global
	GlobalSection(SolutionConfigurationPlatforms) = preSolution
		Debug|Any CPU = Debug|Any CPU
		Release|Any CPU = Release|Any CPU
	EndGlobalSection
	GlobalSection(ProjectConfigurationPlatforms) = postSolution
		{E5140754-036A-4868-B4D8-F97C9E1815B5}.Debug|Any CPU.ActiveCfg = Debug|Any CPU
		{E5140754-036A-4868-B4D8-F97C9E1815B5}.Debug|Any CPU.Build.0 = Debug|Any CPU
		{E5140754-036A-4868-B4D8-F97C9E1815B5}.Release|Any CPU.ActiveCfg = Release|Any CPU
		{E5140754-036A-4868-B4D8-F97C9E1815B5}.Release|Any CPU.Build.0 = Release|Any CPU
		{06EF6A11-B1E8-4E49-A627-7D69DC500D53}.Debug|Any CPU.ActiveCfg = Debug|Any CPU
		{06EF6A11-B1E8-4E49-A627-7D69DC500D53}.Debug|Any CPU.Build.0 = Debug|Any CPU
		{06EF6A11-B1E8-4E49-A627-7D69DC500D53}.Release|Any CPU.ActiveCfg = Release|Any CPU
		{06EF6A11-B1E8-4E49-A627-7D69DC500D53}.Release|Any CPU.Build.0 = Release|Any CPU
		{3F54D44E-DD53-45A2-AAF6-C8CABFEC07D2}.Debug|Any CPU.ActiveCfg = Debug|Any CPU
		{3F54D44E-DD53-45A2-AAF6-C8CABFEC07D2}.Debug|Any CPU.Build.0 = Debug|Any CPU
		{3F54D44E-DD53-45A2-AAF6-C8CABFEC07D2}.Release|Any CPU.ActiveCfg = Release|Any CPU
		{3F54D44E-DD53-45A2-AAF6-C8CABFEC07D2}.Release|Any CPU.Build.0 = Release|Any CPU
		{DB0248B0-81BD-4357-B2D0-874B13119920}.Debug|Any CPU.ActiveCfg = Debug|Any CPU
		{DB0248B0-81BD-4357-B2D0-874B13119920}.Debug|Any CPU.Build.0 = Debug|Any CPU
		{DB0248B0-81BD-4357-B2D0-874B13119920}.Release|Any CPU.ActiveCfg = Release|Any CPU
		{DB0248B0-81BD-4357-B2D0-874B13119920}.Release|Any CPU.Build.0 = Release|Any CPU
	EndGlobalSection
	GlobalSection(SolutionProperties) = preSolution
		HideSolutionNode = FALSE
	EndGlobalSection
	GlobalSection(ExtensibilityGlobals) = postSolution
		SolutionGuid = {3ADD324D-0C50-48EB-8E5D-80A9FB3CBD64}
	EndGlobalSection
EndGlobal
